
Microsoft Visual Studio Solution File, Format Version 12.00
# Visual Studio Version 17
VisualStudioVersion = 17.10.35004.147
MinimumVisualStudioVersion = 10.0.40219.1
Project("{9A19103F-16F7-4668-BE54-9A1E7A4F7556}") = "Tyuiu.StoletovNA.Sprint2.Task0.V5.Lib", "Tyuiu.StoletovNA.Sprint2.Task0.V5.Lib\Tyuiu.StoletovNA.Sprint2.Task0.V5.Lib.csproj", "{07D8DD4B-1B23-4FEA-A687-80BA08186B4E}"
EndProject
Project("{9A19103F-16F7-4668-BE54-9A1E7A4F7556}") = "Tyuiu.StoletovNA.Sprint2.Task0.V5", "Tyuiu.StoletovNA.Sprint2.Task0.V5\Tyuiu.StoletovNA.Sprint2.Task0.V5.csproj", "{EFA31EEE-48D2-416F-AB5F-522C8A1C28D2}"
EndProject
Project("{9A19103F-16F7-4668-BE54-9A1E7A4F7556}") = "Tyuiu.StoletovNA.Sprint2.Task0.V5.Test", "Tyuiu.StoletovNA.Sprint2.Task0.V5.Test\Tyuiu.StoletovNA.Sprint2.Task0.V5.Test.csproj", "{2A3D922A-5964-4D15-B635-9064EC059EC3}"
EndProject
Project("{9A19103F-16F7-4668-BE54-9A1E7A4F7556}") = "Tyuiu.StoletovNA.Sprint2.Task1.V14.Lib", "Tyuiu.StoletovNA.Sprint2.Task1.V14.Lib\Tyuiu.StoletovNA.Sprint2.Task1.V14.Lib.csproj", "{222210B3-C009-43AD-8968-3E554E4AFC4A}"
EndProject
Project("{9A19103F-16F7-4668-BE54-9A1E7A4F7556}") = "Tyuiu.StoletovNA.Sprint2.Task1.V14", "Tyuiu.StoletovNA.Sprint2.Task1.V14\Tyuiu.StoletovNA.Sprint2.Task1.V14.csproj", "{7DD5D743-9B22-45F7-9BB4-006060F83CBB}"
EndProject
Project("{9A19103F-16F7-4668-BE54-9A1E7A4F7556}") = "Tyuiu.StoletovNA.Sprint2.Task1.V14.Test", "Tyuiu.StoletovNA.Sprint2.Task1.V14.Test\Tyuiu.StoletovNA.Sprint2.Task1.V14.Test.csproj", "{8E666AF3-9C25-4456-84CD-884591C684C1}"
EndProject
Project("{2150E333-8FDC-42A3-9474-1A3956D46DE8}") = "Task0", "Task0", "{132092F2-2103-464D-8EBD-9976E58F5074}"
EndProject
Project("{2150E333-8FDC-42A3-9474-1A3956D46DE8}") = "Task1", "Task1", "{19815563-32DA-46FA-953B-A97DD38F27C2}"
EndProject
Project("{2150E333-8FDC-42A3-9474-1A3956D46DE8}") = "Task2", "Task2", "{ACB5B549-6852-4ABA-8986-5582F32035AA}"
EndProject
Project("{9A19103F-16F7-4668-BE54-9A1E7A4F7556}") = "Tyuiu.StoletovNA.Sprint2.Task2.V14.Lib", "Tyuiu.StoletovNA.Sprint2.Task2.V14.Lib\Tyuiu.StoletovNA.Sprint2.Task2.V14.Lib.csproj", "{5BDD0ADD-11D7-4901-AFE5-BD27A4F4B36F}"
EndProject
Project("{9A19103F-16F7-4668-BE54-9A1E7A4F7556}") = "Tyuiu.StoletovNA.Sprint2.Task2.V14", "Tyuiu.StoletovNA.Sprint2.Task2.V14\Tyuiu.StoletovNA.Sprint2.Task2.V14.csproj", "{67FD98E1-DD09-4E8D-8DA9-AD2447F54CDD}"
EndProject
Project("{9A19103F-16F7-4668-BE54-9A1E7A4F7556}") = "Tyuiu.StoletovNA.Sprint2.Task2.V14.Test", "Tyuiu.StoletovNA.Sprint2.Task2.V14.Test\Tyuiu.StoletovNA.Sprint2.Task2.V14.Test.csproj", "{C77B30B3-487D-4D24-8EA2-0673DC6774E1}"
EndProject
Project("{2150E333-8FDC-42A3-9474-1A3956D46DE8}") = "Task3", "Task3", "{E3CCDA49-331F-41C7-9AD5-E2C80965AD3C}"
EndProject
Project("{9A19103F-16F7-4668-BE54-9A1E7A4F7556}") = "Tyuiu.StoletovNA.Sprint2.Task3.V16.Lib", "Tyuiu.StoletovNA.Sprint2.Task3.V16.Lib\Tyuiu.StoletovNA.Sprint2.Task3.V16.Lib.csproj", "{0D8A59B3-6E11-401B-90B4-1A19D1C90999}"
EndProject
Project("{9A19103F-16F7-4668-BE54-9A1E7A4F7556}") = "Tyuiu.StoletovNA.Sprint2.Task3.V16", "Tyuiu.StoletovNA.Sprint2.Task3.V16\Tyuiu.StoletovNA.Sprint2.Task3.V16.csproj", "{DB37FD66-5FF8-4866-9B68-EB7220F46C57}"
EndProject
Project("{9A19103F-16F7-4668-BE54-9A1E7A4F7556}") = "Tyuiu.StoletovNA.Sprint2.Task3.V16.Test", "Tyuiu.StoletovNA.Sprint2.Task3.V16.Test\Tyuiu.StoletovNA.Sprint2.Task3.V16.Test.csproj", "{C6D83421-2EFB-47E3-988C-8D86317D91C5}"
EndProject
Project("{2150E333-8FDC-42A3-9474-1A3956D46DE8}") = "Task4", "Task4", "{7349A3D8-711D-4110-9284-3D001C2106CF}"
EndProject
Project("{9A19103F-16F7-4668-BE54-9A1E7A4F7556}") = "Tyuiu.StoletovNA.Sprint2.Task4.V8.Lib", "Tyuiu.StoletovNA.Sprint2.Task4.V8.Lib\Tyuiu.StoletovNA.Sprint2.Task4.V8.Lib.csproj", "{C0267880-193B-4600-837B-C2A6ACE1B1A8}"
EndProject
Project("{9A19103F-16F7-4668-BE54-9A1E7A4F7556}") = "Tyuiu.StoletovNA.Sprint2.Task4.V8", "Tyuiu.StoletovNA.Sprint2.Task4.V8\Tyuiu.StoletovNA.Sprint2.Task4.V8.csproj", "{E98116F9-AB0E-4A23-A0B0-2A1438575E3C}"
EndProject
Project("{9A19103F-16F7-4668-BE54-9A1E7A4F7556}") = "Tyuiu.StoletovNA.Sprint2.Task4.V8.Test", "Tyuiu.StoletovNA.Sprint2.Task4.V8.Test\Tyuiu.StoletovNA.Sprint2.Task4.V8.Test.csproj", "{C39E65D0-8FFB-46BA-822F-998BA91506D3}"
EndProject
Project("{9A19103F-16F7-4668-BE54-9A1E7A4F7556}") = "Tyuiu.StoletovNA.Sprint2.Task5.V5.Lib", "Tyuiu.StoletovNA.Sprint2.Task5.V5.Lib\Tyuiu.StoletovNA.Sprint2.Task5.V5.Lib.csproj", "{A2DE9156-E096-4CBE-9FDE-420D6592F377}"
EndProject
Project("{9A19103F-16F7-4668-BE54-9A1E7A4F7556}") = "Tyuiu.StoletovNA.Sprint2.Task5.V5", "Tyuiu.StoletovNA.Sprint2.Task5.V5\Tyuiu.StoletovNA.Sprint2.Task5.V5.csproj", "{792973E9-21BD-4CF0-AC11-C0299B32AD8A}"
EndProject
Project("{9A19103F-16F7-4668-BE54-9A1E7A4F7556}") = "Tyuiu.StoletovNA.Sprint2.Task5.V5.Test", "Tyuiu.StoletovNA.Sprint2.Task5.V5.Test\Tyuiu.StoletovNA.Sprint2.Task5.V5.Test.csproj", "{3890A855-4DF9-407D-A289-564730C5B55C}"
EndProject
Project("{2150E333-8FDC-42A3-9474-1A3956D46DE8}") = "Task5", "Task5", "{999A3E88-25B2-4831-B4C3-BBADC3785E3A}"
EndProject
Project("{9A19103F-16F7-4668-BE54-9A1E7A4F7556}") = "Tyuiu.StoletovNA.Sprint2.Task6.V3.Lib", "Tyuiu.StoletovNA.Sprint2.Task6.V3.Lib\Tyuiu.StoletovNA.Sprint2.Task6.V3.Lib.csproj", "{EA746EC4-644B-4526-981A-0C1757A95105}"
EndProject
Project("{9A19103F-16F7-4668-BE54-9A1E7A4F7556}") = "Tyuiu.StoletovNA.Sprint2.Task6.V3", "Tyuiu.StoletovNA.Sprint2.Task6.V3\Tyuiu.StoletovNA.Sprint2.Task6.V3.csproj", "{F60F3889-77B2-45B6-BD95-E223ACAC7EFB}"
EndProject
Project("{9A19103F-16F7-4668-BE54-9A1E7A4F7556}") = "Tyuiu.StoletovNA.Sprint2.Task6.V3.Test", "Tyuiu.StoletovNA.Sprint2.Task6.V3.Test\Tyuiu.StoletovNA.Sprint2.Task6.V3.Test.csproj", "{242DAAAD-192C-406E-890F-7F1164162C44}"
EndProject
Project("{2150E333-8FDC-42A3-9474-1A3956D46DE8}") = "Task6", "Task6", "{3F2D3D0A-1300-402C-88D4-942595A5506B}"
EndProject
Global
	GlobalSection(SolutionConfigurationPlatforms) = preSolution
		Debug|Any CPU = Debug|Any CPU
		Debug|x64 = Debug|x64
		Debug|x86 = Debug|x86
		Release|Any CPU = Release|Any CPU
		Release|x64 = Release|x64
		Release|x86 = Release|x86
	EndGlobalSection
	GlobalSection(ProjectConfigurationPlatforms) = postSolution
		{07D8DD4B-1B23-4FEA-A687-80BA08186B4E}.Debug|Any CPU.ActiveCfg = Debug|Any CPU
		{07D8DD4B-1B23-4FEA-A687-80BA08186B4E}.Debug|Any CPU.Build.0 = Debug|Any CPU
		{07D8DD4B-1B23-4FEA-A687-80BA08186B4E}.Debug|x64.ActiveCfg = Debug|Any CPU
		{07D8DD4B-1B23-4FEA-A687-80BA08186B4E}.Debug|x64.Build.0 = Debug|Any CPU
		{07D8DD4B-1B23-4FEA-A687-80BA08186B4E}.Debug|x86.ActiveCfg = Debug|Any CPU
		{07D8DD4B-1B23-4FEA-A687-80BA08186B4E}.Debug|x86.Build.0 = Debug|Any CPU
		{07D8DD4B-1B23-4FEA-A687-80BA08186B4E}.Release|Any CPU.ActiveCfg = Release|Any CPU
		{07D8DD4B-1B23-4FEA-A687-80BA08186B4E}.Release|Any CPU.Build.0 = Release|Any CPU
		{07D8DD4B-1B23-4FEA-A687-80BA08186B4E}.Release|x64.ActiveCfg = Release|Any CPU
		{07D8DD4B-1B23-4FEA-A687-80BA08186B4E}.Release|x64.Build.0 = Release|Any CPU
		{07D8DD4B-1B23-4FEA-A687-80BA08186B4E}.Release|x86.ActiveCfg = Release|Any CPU
		{07D8DD4B-1B23-4FEA-A687-80BA08186B4E}.Release|x86.Build.0 = Release|Any CPU
		{EFA31EEE-48D2-416F-AB5F-522C8A1C28D2}.Debug|Any CPU.ActiveCfg = Debug|Any CPU
		{EFA31EEE-48D2-416F-AB5F-522C8A1C28D2}.Debug|Any CPU.Build.0 = Debug|Any CPU
		{EFA31EEE-48D2-416F-AB5F-522C8A1C28D2}.Debug|x64.ActiveCfg = Debug|Any CPU
		{EFA31EEE-48D2-416F-AB5F-522C8A1C28D2}.Debug|x64.Build.0 = Debug|Any CPU
		{EFA31EEE-48D2-416F-AB5F-522C8A1C28D2}.Debug|x86.ActiveCfg = Debug|Any CPU
		{EFA31EEE-48D2-416F-AB5F-522C8A1C28D2}.Debug|x86.Build.0 = Debug|Any CPU
		{EFA31EEE-48D2-416F-AB5F-522C8A1C28D2}.Release|Any CPU.ActiveCfg = Release|Any CPU
		{EFA31EEE-48D2-416F-AB5F-522C8A1C28D2}.Release|Any CPU.Build.0 = Release|Any CPU
		{EFA31EEE-48D2-416F-AB5F-522C8A1C28D2}.Release|x64.ActiveCfg = Release|Any CPU
		{EFA31EEE-48D2-416F-AB5F-522C8A1C28D2}.Release|x64.Build.0 = Release|Any CPU
		{EFA31EEE-48D2-416F-AB5F-522C8A1C28D2}.Release|x86.ActiveCfg = Release|Any CPU
		{EFA31EEE-48D2-416F-AB5F-522C8A1C28D2}.Release|x86.Build.0 = Release|Any CPU
		{2A3D922A-5964-4D15-B635-9064EC059EC3}.Debug|Any CPU.ActiveCfg = Debug|Any CPU
		{2A3D922A-5964-4D15-B635-9064EC059EC3}.Debug|Any CPU.Build.0 = Debug|Any CPU
		{2A3D922A-5964-4D15-B635-9064EC059EC3}.Debug|x64.ActiveCfg = Debug|Any CPU
		{2A3D922A-5964-4D15-B635-9064EC059EC3}.Debug|x64.Build.0 = Debug|Any CPU
		{2A3D922A-5964-4D15-B635-9064EC059EC3}.Debug|x86.ActiveCfg = Debug|Any CPU
		{2A3D922A-5964-4D15-B635-9064EC059EC3}.Debug|x86.Build.0 = Debug|Any CPU
		{2A3D922A-5964-4D15-B635-9064EC059EC3}.Release|Any CPU.ActiveCfg = Release|Any CPU
		{2A3D922A-5964-4D15-B635-9064EC059EC3}.Release|Any CPU.Build.0 = Release|Any CPU
		{2A3D922A-5964-4D15-B635-9064EC059EC3}.Release|x64.ActiveCfg = Release|Any CPU
		{2A3D922A-5964-4D15-B635-9064EC059EC3}.Release|x64.Build.0 = Release|Any CPU
		{2A3D922A-5964-4D15-B635-9064EC059EC3}.Release|x86.ActiveCfg = Release|Any CPU
		{2A3D922A-5964-4D15-B635-9064EC059EC3}.Release|x86.Build.0 = Release|Any CPU
		{222210B3-C009-43AD-8968-3E554E4AFC4A}.Debug|Any CPU.ActiveCfg = Debug|Any CPU
		{222210B3-C009-43AD-8968-3E554E4AFC4A}.Debug|Any CPU.Build.0 = Debug|Any CPU
		{222210B3-C009-43AD-8968-3E554E4AFC4A}.Debug|x64.ActiveCfg = Debug|Any CPU
		{222210B3-C009-43AD-8968-3E554E4AFC4A}.Debug|x64.Build.0 = Debug|Any CPU
		{222210B3-C009-43AD-8968-3E554E4AFC4A}.Debug|x86.ActiveCfg = Debug|Any CPU
		{222210B3-C009-43AD-8968-3E554E4AFC4A}.Debug|x86.Build.0 = Debug|Any CPU
		{222210B3-C009-43AD-8968-3E554E4AFC4A}.Release|Any CPU.ActiveCfg = Release|Any CPU
		{222210B3-C009-43AD-8968-3E554E4AFC4A}.Release|Any CPU.Build.0 = Release|Any CPU
		{222210B3-C009-43AD-8968-3E554E4AFC4A}.Release|x64.ActiveCfg = Release|Any CPU
		{222210B3-C009-43AD-8968-3E554E4AFC4A}.Release|x64.Build.0 = Release|Any CPU
		{222210B3-C009-43AD-8968-3E554E4AFC4A}.Release|x86.ActiveCfg = Release|Any CPU
		{222210B3-C009-43AD-8968-3E554E4AFC4A}.Release|x86.Build.0 = Release|Any CPU
		{7DD5D743-9B22-45F7-9BB4-006060F83CBB}.Debug|Any CPU.ActiveCfg = Debug|Any CPU
		{7DD5D743-9B22-45F7-9BB4-006060F83CBB}.Debug|Any CPU.Build.0 = Debug|Any CPU
		{7DD5D743-9B22-45F7-9BB4-006060F83CBB}.Debug|x64.ActiveCfg = Debug|Any CPU
		{7DD5D743-9B22-45F7-9BB4-006060F83CBB}.Debug|x64.Build.0 = Debug|Any CPU
		{7DD5D743-9B22-45F7-9BB4-006060F83CBB}.Debug|x86.ActiveCfg = Debug|Any CPU
		{7DD5D743-9B22-45F7-9BB4-006060F83CBB}.Debug|x86.Build.0 = Debug|Any CPU
		{7DD5D743-9B22-45F7-9BB4-006060F83CBB}.Release|Any CPU.ActiveCfg = Release|Any CPU
		{7DD5D743-9B22-45F7-9BB4-006060F83CBB}.Release|Any CPU.Build.0 = Release|Any CPU
		{7DD5D743-9B22-45F7-9BB4-006060F83CBB}.Release|x64.ActiveCfg = Release|Any CPU
		{7DD5D743-9B22-45F7-9BB4-006060F83CBB}.Release|x64.Build.0 = Release|Any CPU
		{7DD5D743-9B22-45F7-9BB4-006060F83CBB}.Release|x86.ActiveCfg = Release|Any CPU
		{7DD5D743-9B22-45F7-9BB4-006060F83CBB}.Release|x86.Build.0 = Release|Any CPU
		{8E666AF3-9C25-4456-84CD-884591C684C1}.Debug|Any CPU.ActiveCfg = Debug|Any CPU
		{8E666AF3-9C25-4456-84CD-884591C684C1}.Debug|Any CPU.Build.0 = Debug|Any CPU
		{8E666AF3-9C25-4456-84CD-884591C684C1}.Debug|x64.ActiveCfg = Debug|Any CPU
		{8E666AF3-9C25-4456-84CD-884591C684C1}.Debug|x64.Build.0 = Debug|Any CPU
		{8E666AF3-9C25-4456-84CD-884591C684C1}.Debug|x86.ActiveCfg = Debug|Any CPU
		{8E666AF3-9C25-4456-84CD-884591C684C1}.Debug|x86.Build.0 = Debug|Any CPU
		{8E666AF3-9C25-4456-84CD-884591C684C1}.Release|Any CPU.ActiveCfg = Release|Any CPU
		{8E666AF3-9C25-4456-84CD-884591C684C1}.Release|Any CPU.Build.0 = Release|Any CPU
		{8E666AF3-9C25-4456-84CD-884591C684C1}.Release|x64.ActiveCfg = Release|Any CPU
		{8E666AF3-9C25-4456-84CD-884591C684C1}.Release|x64.Build.0 = Release|Any CPU
		{8E666AF3-9C25-4456-84CD-884591C684C1}.Release|x86.ActiveCfg = Release|Any CPU
		{8E666AF3-9C25-4456-84CD-884591C684C1}.Release|x86.Build.0 = Release|Any CPU
		{5BDD0ADD-11D7-4901-AFE5-BD27A4F4B36F}.Debug|Any CPU.ActiveCfg = Debug|Any CPU
		{5BDD0ADD-11D7-4901-AFE5-BD27A4F4B36F}.Debug|Any CPU.Build.0 = Debug|Any CPU
		{5BDD0ADD-11D7-4901-AFE5-BD27A4F4B36F}.Debug|x64.ActiveCfg = Debug|Any CPU
		{5BDD0ADD-11D7-4901-AFE5-BD27A4F4B36F}.Debug|x64.Build.0 = Debug|Any CPU
		{5BDD0ADD-11D7-4901-AFE5-BD27A4F4B36F}.Debug|x86.ActiveCfg = Debug|Any CPU
		{5BDD0ADD-11D7-4901-AFE5-BD27A4F4B36F}.Debug|x86.Build.0 = Debug|Any CPU
		{5BDD0ADD-11D7-4901-AFE5-BD27A4F4B36F}.Release|Any CPU.ActiveCfg = Release|Any CPU
		{5BDD0ADD-11D7-4901-AFE5-BD27A4F4B36F}.Release|Any CPU.Build.0 = Release|Any CPU
		{5BDD0ADD-11D7-4901-AFE5-BD27A4F4B36F}.Release|x64.ActiveCfg = Release|Any CPU
		{5BDD0ADD-11D7-4901-AFE5-BD27A4F4B36F}.Release|x64.Build.0 = Release|Any CPU
		{5BDD0ADD-11D7-4901-AFE5-BD27A4F4B36F}.Release|x86.ActiveCfg = Release|Any CPU
		{5BDD0ADD-11D7-4901-AFE5-BD27A4F4B36F}.Release|x86.Build.0 = Release|Any CPU
		{67FD98E1-DD09-4E8D-8DA9-AD2447F54CDD}.Debug|Any CPU.ActiveCfg = Debug|Any CPU
		{67FD98E1-DD09-4E8D-8DA9-AD2447F54CDD}.Debug|Any CPU.Build.0 = Debug|Any CPU
		{67FD98E1-DD09-4E8D-8DA9-AD2447F54CDD}.Debug|x64.ActiveCfg = Debug|Any CPU
		{67FD98E1-DD09-4E8D-8DA9-AD2447F54CDD}.Debug|x64.Build.0 = Debug|Any CPU
		{67FD98E1-DD09-4E8D-8DA9-AD2447F54CDD}.Debug|x86.ActiveCfg = Debug|Any CPU
		{67FD98E1-DD09-4E8D-8DA9-AD2447F54CDD}.Debug|x86.Build.0 = Debug|Any CPU
		{67FD98E1-DD09-4E8D-8DA9-AD2447F54CDD}.Release|Any CPU.ActiveCfg = Release|Any CPU
		{67FD98E1-DD09-4E8D-8DA9-AD2447F54CDD}.Release|Any CPU.Build.0 = Release|Any CPU
		{67FD98E1-DD09-4E8D-8DA9-AD2447F54CDD}.Release|x64.ActiveCfg = Release|Any CPU
		{67FD98E1-DD09-4E8D-8DA9-AD2447F54CDD}.Release|x64.Build.0 = Release|Any CPU
		{67FD98E1-DD09-4E8D-8DA9-AD2447F54CDD}.Release|x86.ActiveCfg = Release|Any CPU
		{67FD98E1-DD09-4E8D-8DA9-AD2447F54CDD}.Release|x86.Build.0 = Release|Any CPU
		{C77B30B3-487D-4D24-8EA2-0673DC6774E1}.Debug|Any CPU.ActiveCfg = Debug|Any CPU
		{C77B30B3-487D-4D24-8EA2-0673DC6774E1}.Debug|Any CPU.Build.0 = Debug|Any CPU
		{C77B30B3-487D-4D24-8EA2-0673DC6774E1}.Debug|x64.ActiveCfg = Debug|Any CPU
		{C77B30B3-487D-4D24-8EA2-0673DC6774E1}.Debug|x64.Build.0 = Debug|Any CPU
		{C77B30B3-487D-4D24-8EA2-0673DC6774E1}.Debug|x86.ActiveCfg = Debug|Any CPU
		{C77B30B3-487D-4D24-8EA2-0673DC6774E1}.Debug|x86.Build.0 = Debug|Any CPU
		{C77B30B3-487D-4D24-8EA2-0673DC6774E1}.Release|Any CPU.ActiveCfg = Release|Any CPU
		{C77B30B3-487D-4D24-8EA2-0673DC6774E1}.Release|Any CPU.Build.0 = Release|Any CPU
		{C77B30B3-487D-4D24-8EA2-0673DC6774E1}.Release|x64.ActiveCfg = Release|Any CPU
		{C77B30B3-487D-4D24-8EA2-0673DC6774E1}.Release|x64.Build.0 = Release|Any CPU
		{C77B30B3-487D-4D24-8EA2-0673DC6774E1}.Release|x86.ActiveCfg = Release|Any CPU
		{C77B30B3-487D-4D24-8EA2-0673DC6774E1}.Release|x86.Build.0 = Release|Any CPU
		{0D8A59B3-6E11-401B-90B4-1A19D1C90999}.Debug|Any CPU.ActiveCfg = Debug|Any CPU
		{0D8A59B3-6E11-401B-90B4-1A19D1C90999}.Debug|Any CPU.Build.0 = Debug|Any CPU
		{0D8A59B3-6E11-401B-90B4-1A19D1C90999}.Debug|x64.ActiveCfg = Debug|Any CPU
		{0D8A59B3-6E11-401B-90B4-1A19D1C90999}.Debug|x64.Build.0 = Debug|Any CPU
		{0D8A59B3-6E11-401B-90B4-1A19D1C90999}.Debug|x86.ActiveCfg = Debug|Any CPU
		{0D8A59B3-6E11-401B-90B4-1A19D1C90999}.Debug|x86.Build.0 = Debug|Any CPU
		{0D8A59B3-6E11-401B-90B4-1A19D1C90999}.Release|Any CPU.ActiveCfg = Release|Any CPU
		{0D8A59B3-6E11-401B-90B4-1A19D1C90999}.Release|Any CPU.Build.0 = Release|Any CPU
		{0D8A59B3-6E11-401B-90B4-1A19D1C90999}.Release|x64.ActiveCfg = Release|Any CPU
		{0D8A59B3-6E11-401B-90B4-1A19D1C90999}.Release|x64.Build.0 = Release|Any CPU
		{0D8A59B3-6E11-401B-90B4-1A19D1C90999}.Release|x86.ActiveCfg = Release|Any CPU
		{0D8A59B3-6E11-401B-90B4-1A19D1C90999}.Release|x86.Build.0 = Release|Any CPU
		{DB37FD66-5FF8-4866-9B68-EB7220F46C57}.Debug|Any CPU.ActiveCfg = Debug|Any CPU
		{DB37FD66-5FF8-4866-9B68-EB7220F46C57}.Debug|Any CPU.Build.0 = Debug|Any CPU
		{DB37FD66-5FF8-4866-9B68-EB7220F46C57}.Debug|x64.ActiveCfg = Debug|Any CPU
		{DB37FD66-5FF8-4866-9B68-EB7220F46C57}.Debug|x64.Build.0 = Debug|Any CPU
		{DB37FD66-5FF8-4866-9B68-EB7220F46C57}.Debug|x86.ActiveCfg = Debug|Any CPU
		{DB37FD66-5FF8-4866-9B68-EB7220F46C57}.Debug|x86.Build.0 = Debug|Any CPU
		{DB37FD66-5FF8-4866-9B68-EB7220F46C57}.Release|Any CPU.ActiveCfg = Release|Any CPU
		{DB37FD66-5FF8-4866-9B68-EB7220F46C57}.Release|Any CPU.Build.0 = Release|Any CPU
		{DB37FD66-5FF8-4866-9B68-EB7220F46C57}.Release|x64.ActiveCfg = Release|Any CPU
		{DB37FD66-5FF8-4866-9B68-EB7220F46C57}.Release|x64.Build.0 = Release|Any CPU
		{DB37FD66-5FF8-4866-9B68-EB7220F46C57}.Release|x86.ActiveCfg = Release|Any CPU
		{DB37FD66-5FF8-4866-9B68-EB7220F46C57}.Release|x86.Build.0 = Release|Any CPU
		{C6D83421-2EFB-47E3-988C-8D86317D91C5}.Debug|Any CPU.ActiveCfg = Debug|Any CPU
		{C6D83421-2EFB-47E3-988C-8D86317D91C5}.Debug|Any CPU.Build.0 = Debug|Any CPU
		{C6D83421-2EFB-47E3-988C-8D86317D91C5}.Debug|x64.ActiveCfg = Debug|Any CPU
		{C6D83421-2EFB-47E3-988C-8D86317D91C5}.Debug|x64.Build.0 = Debug|Any CPU
		{C6D83421-2EFB-47E3-988C-8D86317D91C5}.Debug|x86.ActiveCfg = Debug|Any CPU
		{C6D83421-2EFB-47E3-988C-8D86317D91C5}.Debug|x86.Build.0 = Debug|Any CPU
		{C6D83421-2EFB-47E3-988C-8D86317D91C5}.Release|Any CPU.ActiveCfg = Release|Any CPU
		{C6D83421-2EFB-47E3-988C-8D86317D91C5}.Release|Any CPU.Build.0 = Release|Any CPU
		{C6D83421-2EFB-47E3-988C-8D86317D91C5}.Release|x64.ActiveCfg = Release|Any CPU
		{C6D83421-2EFB-47E3-988C-8D86317D91C5}.Release|x64.Build.0 = Release|Any CPU
		{C6D83421-2EFB-47E3-988C-8D86317D91C5}.Release|x86.ActiveCfg = Release|Any CPU
		{C6D83421-2EFB-47E3-988C-8D86317D91C5}.Release|x86.Build.0 = Release|Any CPU
		{C0267880-193B-4600-837B-C2A6ACE1B1A8}.Debug|Any CPU.ActiveCfg = Debug|Any CPU
		{C0267880-193B-4600-837B-C2A6ACE1B1A8}.Debug|Any CPU.Build.0 = Debug|Any CPU
		{C0267880-193B-4600-837B-C2A6ACE1B1A8}.Debug|x64.ActiveCfg = Debug|Any CPU
		{C0267880-193B-4600-837B-C2A6ACE1B1A8}.Debug|x64.Build.0 = Debug|Any CPU
		{C0267880-193B-4600-837B-C2A6ACE1B1A8}.Debug|x86.ActiveCfg = Debug|Any CPU
		{C0267880-193B-4600-837B-C2A6ACE1B1A8}.Debug|x86.Build.0 = Debug|Any CPU
		{C0267880-193B-4600-837B-C2A6ACE1B1A8}.Release|Any CPU.ActiveCfg = Release|Any CPU
		{C0267880-193B-4600-837B-C2A6ACE1B1A8}.Release|Any CPU.Build.0 = Release|Any CPU
		{C0267880-193B-4600-837B-C2A6ACE1B1A8}.Release|x64.ActiveCfg = Release|Any CPU
		{C0267880-193B-4600-837B-C2A6ACE1B1A8}.Release|x64.Build.0 = Release|Any CPU
		{C0267880-193B-4600-837B-C2A6ACE1B1A8}.Release|x86.ActiveCfg = Release|Any CPU
		{C0267880-193B-4600-837B-C2A6ACE1B1A8}.Release|x86.Build.0 = Release|Any CPU
		{E98116F9-AB0E-4A23-A0B0-2A1438575E3C}.Debug|Any CPU.ActiveCfg = Debug|Any CPU
		{E98116F9-AB0E-4A23-A0B0-2A1438575E3C}.Debug|Any CPU.Build.0 = Debug|Any CPU
		{E98116F9-AB0E-4A23-A0B0-2A1438575E3C}.Debug|x64.ActiveCfg = Debug|Any CPU
		{E98116F9-AB0E-4A23-A0B0-2A1438575E3C}.Debug|x64.Build.0 = Debug|Any CPU
		{E98116F9-AB0E-4A23-A0B0-2A1438575E3C}.Debug|x86.ActiveCfg = Debug|Any CPU
		{E98116F9-AB0E-4A23-A0B0-2A1438575E3C}.Debug|x86.Build.0 = Debug|Any CPU
		{E98116F9-AB0E-4A23-A0B0-2A1438575E3C}.Release|Any CPU.ActiveCfg = Release|Any CPU
		{E98116F9-AB0E-4A23-A0B0-2A1438575E3C}.Release|Any CPU.Build.0 = Release|Any CPU
		{E98116F9-AB0E-4A23-A0B0-2A1438575E3C}.Release|x64.ActiveCfg = Release|Any CPU
		{E98116F9-AB0E-4A23-A0B0-2A1438575E3C}.Release|x64.Build.0 = Release|Any CPU
		{E98116F9-AB0E-4A23-A0B0-2A1438575E3C}.Release|x86.ActiveCfg = Release|Any CPU
		{E98116F9-AB0E-4A23-A0B0-2A1438575E3C}.Release|x86.Build.0 = Release|Any CPU
		{C39E65D0-8FFB-46BA-822F-998BA91506D3}.Debug|Any CPU.ActiveCfg = Debug|Any CPU
		{C39E65D0-8FFB-46BA-822F-998BA91506D3}.Debug|Any CPU.Build.0 = Debug|Any CPU
		{C39E65D0-8FFB-46BA-822F-998BA91506D3}.Debug|x64.ActiveCfg = Debug|Any CPU
		{C39E65D0-8FFB-46BA-822F-998BA91506D3}.Debug|x64.Build.0 = Debug|Any CPU
		{C39E65D0-8FFB-46BA-822F-998BA91506D3}.Debug|x86.ActiveCfg = Debug|Any CPU
		{C39E65D0-8FFB-46BA-822F-998BA91506D3}.Debug|x86.Build.0 = Debug|Any CPU
		{C39E65D0-8FFB-46BA-822F-998BA91506D3}.Release|Any CPU.ActiveCfg = Release|Any CPU
		{C39E65D0-8FFB-46BA-822F-998BA91506D3}.Release|Any CPU.Build.0 = Release|Any CPU
		{C39E65D0-8FFB-46BA-822F-998BA91506D3}.Release|x64.ActiveCfg = Release|Any CPU
		{C39E65D0-8FFB-46BA-822F-998BA91506D3}.Release|x64.Build.0 = Release|Any CPU
		{C39E65D0-8FFB-46BA-822F-998BA91506D3}.Release|x86.ActiveCfg = Release|Any CPU
		{C39E65D0-8FFB-46BA-822F-998BA91506D3}.Release|x86.Build.0 = Release|Any CPU
		{A2DE9156-E096-4CBE-9FDE-420D6592F377}.Debug|Any CPU.ActiveCfg = Debug|Any CPU
		{A2DE9156-E096-4CBE-9FDE-420D6592F377}.Debug|Any CPU.Build.0 = Debug|Any CPU
		{A2DE9156-E096-4CBE-9FDE-420D6592F377}.Debug|x64.ActiveCfg = Debug|Any CPU
		{A2DE9156-E096-4CBE-9FDE-420D6592F377}.Debug|x64.Build.0 = Debug|Any CPU
		{A2DE9156-E096-4CBE-9FDE-420D6592F377}.Debug|x86.ActiveCfg = Debug|Any CPU
		{A2DE9156-E096-4CBE-9FDE-420D6592F377}.Debug|x86.Build.0 = Debug|Any CPU
		{A2DE9156-E096-4CBE-9FDE-420D6592F377}.Release|Any CPU.ActiveCfg = Release|Any CPU
		{A2DE9156-E096-4CBE-9FDE-420D6592F377}.Release|Any CPU.Build.0 = Release|Any CPU
		{A2DE9156-E096-4CBE-9FDE-420D6592F377}.Release|x64.ActiveCfg = Release|Any CPU
		{A2DE9156-E096-4CBE-9FDE-420D6592F377}.Release|x64.Build.0 = Release|Any CPU
		{A2DE9156-E096-4CBE-9FDE-420D6592F377}.Release|x86.ActiveCfg = Release|Any CPU
		{A2DE9156-E096-4CBE-9FDE-420D6592F377}.Release|x86.Build.0 = Release|Any CPU
		{792973E9-21BD-4CF0-AC11-C0299B32AD8A}.Debug|Any CPU.ActiveCfg = Debug|Any CPU
		{792973E9-21BD-4CF0-AC11-C0299B32AD8A}.Debug|Any CPU.Build.0 = Debug|Any CPU
		{792973E9-21BD-4CF0-AC11-C0299B32AD8A}.Debug|x64.ActiveCfg = Debug|Any CPU
		{792973E9-21BD-4CF0-AC11-C0299B32AD8A}.Debug|x64.Build.0 = Debug|Any CPU
		{792973E9-21BD-4CF0-AC11-C0299B32AD8A}.Debug|x86.ActiveCfg = Debug|Any CPU
		{792973E9-21BD-4CF0-AC11-C0299B32AD8A}.Debug|x86.Build.0 = Debug|Any CPU
		{792973E9-21BD-4CF0-AC11-C0299B32AD8A}.Release|Any CPU.ActiveCfg = Release|Any CPU
		{792973E9-21BD-4CF0-AC11-C0299B32AD8A}.Release|Any CPU.Build.0 = Release|Any CPU
		{792973E9-21BD-4CF0-AC11-C0299B32AD8A}.Release|x64.ActiveCfg = Release|Any CPU
		{792973E9-21BD-4CF0-AC11-C0299B32AD8A}.Release|x64.Build.0 = Release|Any CPU
		{792973E9-21BD-4CF0-AC11-C0299B32AD8A}.Release|x86.ActiveCfg = Release|Any CPU
		{792973E9-21BD-4CF0-AC11-C0299B32AD8A}.Release|x86.Build.0 = Release|Any CPU
		{3890A855-4DF9-407D-A289-564730C5B55C}.Debug|Any CPU.ActiveCfg = Debug|Any CPU
		{3890A855-4DF9-407D-A289-564730C5B55C}.Debug|Any CPU.Build.0 = Debug|Any CPU
		{3890A855-4DF9-407D-A289-564730C5B55C}.Debug|x64.ActiveCfg = Debug|Any CPU
		{3890A855-4DF9-407D-A289-564730C5B55C}.Debug|x64.Build.0 = Debug|Any CPU
		{3890A855-4DF9-407D-A289-564730C5B55C}.Debug|x86.ActiveCfg = Debug|Any CPU
		{3890A855-4DF9-407D-A289-564730C5B55C}.Debug|x86.Build.0 = Debug|Any CPU
		{3890A855-4DF9-407D-A289-564730C5B55C}.Release|Any CPU.ActiveCfg = Release|Any CPU
		{3890A855-4DF9-407D-A289-564730C5B55C}.Release|Any CPU.Build.0 = Release|Any CPU
		{3890A855-4DF9-407D-A289-564730C5B55C}.Release|x64.ActiveCfg = Release|Any CPU
		{3890A855-4DF9-407D-A289-564730C5B55C}.Release|x64.Build.0 = Release|Any CPU
		{3890A855-4DF9-407D-A289-564730C5B55C}.Release|x86.ActiveCfg = Release|Any CPU
		{3890A855-4DF9-407D-A289-564730C5B55C}.Release|x86.Build.0 = Release|Any CPU
		{EA746EC4-644B-4526-981A-0C1757A95105}.Debug|Any CPU.ActiveCfg = Debug|Any CPU
		{EA746EC4-644B-4526-981A-0C1757A95105}.Debug|Any CPU.Build.0 = Debug|Any CPU
		{EA746EC4-644B-4526-981A-0C1757A95105}.Debug|x64.ActiveCfg = Debug|Any CPU
		{EA746EC4-644B-4526-981A-0C1757A95105}.Debug|x64.Build.0 = Debug|Any CPU
		{EA746EC4-644B-4526-981A-0C1757A95105}.Debug|x86.ActiveCfg = Debug|Any CPU
		{EA746EC4-644B-4526-981A-0C1757A95105}.Debug|x86.Build.0 = Debug|Any CPU
		{EA746EC4-644B-4526-981A-0C1757A95105}.Release|Any CPU.ActiveCfg = Release|Any CPU
		{EA746EC4-644B-4526-981A-0C1757A95105}.Release|Any CPU.Build.0 = Release|Any CPU
		{EA746EC4-644B-4526-981A-0C1757A95105}.Release|x64.ActiveCfg = Release|Any CPU
		{EA746EC4-644B-4526-981A-0C1757A95105}.Release|x64.Build.0 = Release|Any CPU
		{EA746EC4-644B-4526-981A-0C1757A95105}.Release|x86.ActiveCfg = Release|Any CPU
		{EA746EC4-644B-4526-981A-0C1757A95105}.Release|x86.Build.0 = Release|Any CPU
		{F60F3889-77B2-45B6-BD95-E223ACAC7EFB}.Debug|Any CPU.ActiveCfg = Debug|Any CPU
		{F60F3889-77B2-45B6-BD95-E223ACAC7EFB}.Debug|Any CPU.Build.0 = Debug|Any CPU
		{F60F3889-77B2-45B6-BD95-E223ACAC7EFB}.Debug|x64.ActiveCfg = Debug|Any CPU
		{F60F3889-77B2-45B6-BD95-E223ACAC7EFB}.Debug|x64.Build.0 = Debug|Any CPU
		{F60F3889-77B2-45B6-BD95-E223ACAC7EFB}.Debug|x86.ActiveCfg = Debug|Any CPU
		{F60F3889-77B2-45B6-BD95-E223ACAC7EFB}.Debug|x86.Build.0 = Debug|Any CPU
		{F60F3889-77B2-45B6-BD95-E223ACAC7EFB}.Release|Any CPU.ActiveCfg = Release|Any CPU
		{F60F3889-77B2-45B6-BD95-E223ACAC7EFB}.Release|Any CPU.Build.0 = Release|Any CPU
		{F60F3889-77B2-45B6-BD95-E223ACAC7EFB}.Release|x64.ActiveCfg = Release|Any CPU
		{F60F3889-77B2-45B6-BD95-E223ACAC7EFB}.Release|x64.Build.0 = Release|Any CPU
		{F60F3889-77B2-45B6-BD95-E223ACAC7EFB}.Release|x86.ActiveCfg = Release|Any CPU
		{F60F3889-77B2-45B6-BD95-E223ACAC7EFB}.Release|x86.Build.0 = Release|Any CPU
		{242DAAAD-192C-406E-890F-7F1164162C44}.Debug|Any CPU.ActiveCfg = Debug|Any CPU
		{242DAAAD-192C-406E-890F-7F1164162C44}.Debug|Any CPU.Build.0 = Debug|Any CPU
		{242DAAAD-192C-406E-890F-7F1164162C44}.Debug|x64.ActiveCfg = Debug|Any CPU
		{242DAAAD-192C-406E-890F-7F1164162C44}.Debug|x64.Build.0 = Debug|Any CPU
		{242DAAAD-192C-406E-890F-7F1164162C44}.Debug|x86.ActiveCfg = Debug|Any CPU
		{242DAAAD-192C-406E-890F-7F1164162C44}.Debug|x86.Build.0 = Debug|Any CPU
		{242DAAAD-192C-406E-890F-7F1164162C44}.Release|Any CPU.ActiveCfg = Release|Any CPU
		{242DAAAD-192C-406E-890F-7F1164162C44}.Release|Any CPU.Build.0 = Release|Any CPU
		{242DAAAD-192C-406E-890F-7F1164162C44}.Release|x64.ActiveCfg = Release|Any CPU
		{242DAAAD-192C-406E-890F-7F1164162C44}.Release|x64.Build.0 = Release|Any CPU
		{242DAAAD-192C-406E-890F-7F1164162C44}.Release|x86.ActiveCfg = Release|Any CPU
		{242DAAAD-192C-406E-890F-7F1164162C44}.Release|x86.Build.0 = Release|Any CPU
	EndGlobalSection
	GlobalSection(SolutionProperties) = preSolution
		HideSolutionNode = FALSE
	EndGlobalSection
	GlobalSection(NestedProjects) = preSolution
		{07D8DD4B-1B23-4FEA-A687-80BA08186B4E} = {132092F2-2103-464D-8EBD-9976E58F5074}
		{EFA31EEE-48D2-416F-AB5F-522C8A1C28D2} = {132092F2-2103-464D-8EBD-9976E58F5074}
		{2A3D922A-5964-4D15-B635-9064EC059EC3} = {132092F2-2103-464D-8EBD-9976E58F5074}
		{222210B3-C009-43AD-8968-3E554E4AFC4A} = {19815563-32DA-46FA-953B-A97DD38F27C2}
		{7DD5D743-9B22-45F7-9BB4-006060F83CBB} = {19815563-32DA-46FA-953B-A97DD38F27C2}
		{8E666AF3-9C25-4456-84CD-884591C684C1} = {19815563-32DA-46FA-953B-A97DD38F27C2}
		{5BDD0ADD-11D7-4901-AFE5-BD27A4F4B36F} = {ACB5B549-6852-4ABA-8986-5582F32035AA}
		{67FD98E1-DD09-4E8D-8DA9-AD2447F54CDD} = {ACB5B549-6852-4ABA-8986-5582F32035AA}
		{C77B30B3-487D-4D24-8EA2-0673DC6774E1} = {ACB5B549-6852-4ABA-8986-5582F32035AA}
		{0D8A59B3-6E11-401B-90B4-1A19D1C90999} = {E3CCDA49-331F-41C7-9AD5-E2C80965AD3C}
		{DB37FD66-5FF8-4866-9B68-EB7220F46C57} = {E3CCDA49-331F-41C7-9AD5-E2C80965AD3C}
		{C6D83421-2EFB-47E3-988C-8D86317D91C5} = {E3CCDA49-331F-41C7-9AD5-E2C80965AD3C}
		{C0267880-193B-4600-837B-C2A6ACE1B1A8} = {7349A3D8-711D-4110-9284-3D001C2106CF}
		{E98116F9-AB0E-4A23-A0B0-2A1438575E3C} = {7349A3D8-711D-4110-9284-3D001C2106CF}
		{C39E65D0-8FFB-46BA-822F-998BA91506D3} = {7349A3D8-711D-4110-9284-3D001C2106CF}
		{A2DE9156-E096-4CBE-9FDE-420D6592F377} = {999A3E88-25B2-4831-B4C3-BBADC3785E3A}
		{792973E9-21BD-4CF0-AC11-C0299B32AD8A} = {999A3E88-25B2-4831-B4C3-BBADC3785E3A}
		{3890A855-4DF9-407D-A289-564730C5B55C} = {999A3E88-25B2-4831-B4C3-BBADC3785E3A}
		{EA746EC4-644B-4526-981A-0C1757A95105} = {3F2D3D0A-1300-402C-88D4-942595A5506B}
		{F60F3889-77B2-45B6-BD95-E223ACAC7EFB} = {3F2D3D0A-1300-402C-88D4-942595A5506B}
		{242DAAAD-192C-406E-890F-7F1164162C44} = {3F2D3D0A-1300-402C-88D4-942595A5506B}
	EndGlobalSection
	GlobalSection(ExtensibilityGlobals) = postSolution
		SolutionGuid = {4B4A8D6A-5B21-4D61-A07B-4D3B49CEC547}
	EndGlobalSection
EndGlobal
